
Microsoft Visual Studio Solution File, Format Version 10.00
# Visual Studio 2008
Project("{8BC9CEB8-8B4A-11D0-8D11-00A0C91BC942}") = "jemalloc", "jemalloc\jemalloc.vcproj", "{7BDF9983-516B-4825-9F3B-234BFAE15BBF}"
EndProject
Project("{8BC9CEB8-8B4A-11D0-8D11-00A0C91BC942}") = "jemalloc_test", "jemalloc_test\jemalloc_test.vcproj", "{683686D4-7951-47CD-B891-72102323E8A7}"
	ProjectSection(ProjectDependencies) = postProject
		{7BDF9983-516B-4825-9F3B-234BFAE15BBF} = {7BDF9983-516B-4825-9F3B-234BFAE15BBF}
	EndProjectSection
EndProject
Project("{8BC9CEB8-8B4A-11D0-8D11-00A0C91BC942}") = "jemallocpp_test", "jemallocpp_test\jemallocpp_test.vcproj", "{5918EAB0-919E-4FBE-B906-441D55BB7B0B}"
	ProjectSection(ProjectDependencies) = postProject
		{7BDF9983-516B-4825-9F3B-234BFAE15BBF} = {7BDF9983-516B-4825-9F3B-234BFAE15BBF}
	EndProjectSection
EndProject
Global
	GlobalSection(SolutionConfigurationPlatforms) = preSolution
		Debug|Win32 = Debug|Win32
		Release|Win32 = Release|Win32
	EndGlobalSection
	GlobalSection(ProjectConfigurationPlatforms) = postSolution
		{7BDF9983-516B-4825-9F3B-234BFAE15BBF}.Debug|Win32.ActiveCfg = Debug|Win32
		{7BDF9983-516B-4825-9F3B-234BFAE15BBF}.Debug|Win32.Build.0 = Debug|Win32
		{7BDF9983-516B-4825-9F3B-234BFAE15BBF}.Release|Win32.ActiveCfg = Release|Win32
		{7BDF9983-516B-4825-9F3B-234BFAE15BBF}.Release|Win32.Build.0 = Release|Win32
		{683686D4-7951-47CD-B891-72102323E8A7}.Debug|Win32.ActiveCfg = Debug|Win32
		{683686D4-7951-47CD-B891-72102323E8A7}.Debug|Win32.Build.0 = Debug|Win32
		{683686D4-7951-47CD-B891-72102323E8A7}.Release|Win32.ActiveCfg = Release|Win32
		{683686D4-7951-47CD-B891-72102323E8A7}.Release|Win32.Build.0 = Release|Win32
		{5918EAB0-919E-4FBE-B906-441D55BB7B0B}.Debug|Win32.ActiveCfg = Debug|Win32
		{5918EAB0-919E-4FBE-B906-441D55BB7B0B}.Debug|Win32.Build.0 = Debug|Win32
		{5918EAB0-919E-4FBE-B906-441D55BB7B0B}.Release|Win32.ActiveCfg = Release|Win32
		{5918EAB0-919E-4FBE-B906-441D55BB7B0B}.Release|Win32.Build.0 = Release|Win32
	EndGlobalSection
	GlobalSection(SolutionProperties) = preSolution
		HideSolutionNode = FALSE
	EndGlobalSection
EndGlobal
